
Microsoft Visual Studio Solution File, Format Version 12.00
# Visual Studio 2012
Project("{2150E333-8FDC-42A3-9474-1A3956D46DE8}") = ".nuget", ".nuget", "{A07F3342-0F4C-44B4-A632-44A3A94718A1}"
	ProjectSection(SolutionItems) = preProject
		.nuget\NuGet.Config = .nuget\NuGet.Config
		.nuget\NuGet.exe = .nuget\NuGet.exe
		.nuget\NuGet.targets = .nuget\NuGet.targets
	EndProjectSection
EndProject
Project("{E24C65DC-7377-472B-9ABA-BC803B73C61A}") = "Extensions", "http://localhost:6380", "{64B080A5-D249-4568-B6A6-1ADF08893A59}"
	ProjectSection(WebsiteProperties) = preProject
		UseIISExpress = "true"
		TargetFrameworkMoniker = ".NETFramework,Version%3Dv4.5"
		Debug.AspNetCompiler.VirtualPath = "/localhost_6380"
		Debug.AspNetCompiler.PhysicalPath = "Extensions\"
		Debug.AspNetCompiler.TargetPath = "PrecompiledWeb\localhost_6380\"
		Debug.AspNetCompiler.Updateable = "true"
		Debug.AspNetCompiler.ForceOverwrite = "true"
		Debug.AspNetCompiler.FixedNames = "false"
		Debug.AspNetCompiler.Debug = "True"
		Release.AspNetCompiler.VirtualPath = "/localhost_6380"
		Release.AspNetCompiler.PhysicalPath = "Extensions\"
		Release.AspNetCompiler.TargetPath = "PrecompiledWeb\localhost_6380\"
		Release.AspNetCompiler.Updateable = "true"
		Release.AspNetCompiler.ForceOverwrite = "true"
		Release.AspNetCompiler.FixedNames = "false"
		Release.AspNetCompiler.Debug = "False"
		SlnRelativePath = "Extensions\"
		DefaultWebSiteLanguage = "Visual C#"
	EndProjectSection
EndProject
Global
	GlobalSection(SolutionConfigurationPlatforms) = preSolution
		Debug|Any CPU = Debug|Any CPU
		Release|Any CPU = Release|Any CPU
	EndGlobalSection
	GlobalSection(ProjectConfigurationPlatforms) = postSolution
		{64B080A5-D249-4568-B6A6-1ADF08893A59}.Debug|Any CPU.ActiveCfg = Debug|Any CPU
		{64B080A5-D249-4568-B6A6-1ADF08893A59}.Debug|Any CPU.Build.0 = Debug|Any CPU
		{64B080A5-D249-4568-B6A6-1ADF08893A59}.Release|Any CPU.ActiveCfg = Debug|Any CPU
		{64B080A5-D249-4568-B6A6-1ADF08893A59}.Release|Any CPU.Build.0 = Debug|Any CPU
	EndGlobalSection
	GlobalSection(SolutionProperties) = preSolution
		HideSolutionNode = FALSE
	EndGlobalSection
EndGlobal
